
Microsoft Visual Studio Solution File, Format Version 12.00
# Visual Studio Version 17
VisualStudioVersion = 17.10.35013.160
MinimumVisualStudioVersion = 10.0.40219.1
Project("{FAE04EC0-301F-11D3-BF4B-00C04F79EFBC}") = "CameraCutter", "CameraCutter\CameraCutter.csproj", "{BD49C5D4-C7E9-4B6C-A703-7E322E33DAE4}"
EndProject
Global
	GlobalSection(SolutionConfigurationPlatforms) = preSolution
		Debug|Any CPU = Debug|Any CPU
		Release|Any CPU = Release|Any CPU
	EndGlobalSection
	GlobalSection(ProjectConfigurationPlatforms) = postSolution
		{BD49C5D4-C7E9-4B6C-A703-7E322E33DAE4}.Debug|Any CPU.ActiveCfg = Debug|Any CPU
		{BD49C5D4-C7E9-4B6C-A703-7E322E33DAE4}.Debug|Any CPU.Build.0 = Debug|Any CPU
		{BD49C5D4-C7E9-4B6C-A703-7E322E33DAE4}.Release|Any CPU.ActiveCfg = Release|Any CPU
		{BD49C5D4-C7E9-4B6C-A703-7E322E33DAE4}.Release|Any CPU.Build.0 = Release|Any CPU
	EndGlobalSection
	GlobalSection(SolutionProperties) = preSolution
		HideSolutionNode = FALSE
	EndGlobalSection
	GlobalSection(ExtensibilityGlobals) = postSolution
		SolutionGuid = {C349A3C6-2A5B-4102-8723-338B94A28A38}
	EndGlobalSection
EndGlobal
